<?xml version="1.0" encoding="utf-8"?>
<Project ToolsVersion="4.0" xmlns="http://schemas.microsoft.com/developer/msbuild/2003">
  <ItemGroup>
    <Filter Include="Source Files">
      <UniqueIdentifier>{4FC737F1-C7A5-4376-A066-2A32D752A2FF}</UniqueIdentifier>
      <Extensions>cpp;c;cc;cxx;c++;cppm;ixx;def;odl;idl;hpj;bat;asm;asmx</Extensions>
    </Filter>
    <Filter Include="Header Files">
      <UniqueIdentifier>{93995380-89BD-4b04-88EB-625FBE52EBFB}</UniqueIdentifier>
      <Extensions>h;hh;hpp;hxx;h++;hm;inl;inc;ipp;xsd</Extensions>
    </Filter>
    <Filter Include="Resource Files">
      <UniqueIdentifier>{67DA6AB6-F800-4c08-8B7A-83BB121AAD01}</UniqueIdentifier>
      <Extensions>rc;ico;cur;bmp;dlg;rc2;rct;bin;rgs;gif;jpg;jpeg;jpe;resx;tiff;tif;png;wav;mfcribbon-ms;dll</Extensions>
    </Filter>
    <Filter Include="Resource Files\dll">
      <UniqueIdentifier>{fe5efb1e-73f8-4fc0-9a5f-827854f5c3a1}</UniqueIdentifier>
    </Filter>
  </ItemGroup>
  <ItemGroup>
    <ClCompile Include="Main.cpp">
      <Filter>Source Files</Filter>
    </ClCompile>
    <ClCompile Include="Entities\EntityNode.cpp">
      <Filter>Source Files</Filter>
    </ClCompile>
    <ClCompile Include="Entities\BallEntity.cpp">
      <Filter>Source Files</Filter>
    </ClCompile>
    <ClCompile Include="EventManagers\BaseManager.cpp">
      <Filter>Source Files</Filter>
    </ClCompile>
    <ClCompile Include="Entities\WallEntity.cpp">
      <Filter>Source Files</Filter>
    </ClCompile>
    <ClCompile Include="Helpers\Vectors.cpp">
      <Filter>Source Files</Filter>
    </ClCompile>
    <ClCompile Include="Entities\CueEntity.cpp">
      <Filter>Source Files</Filter>
    </ClCompile>
    <ClCompile Include="UI\UICueForce.cpp">
      <Filter>Source Files</Filter>
    </ClCompile>
    <ClCompile Include="UI\UIBallTrajectory.cpp">
      <Filter>Source Files</Filter>
    </ClCompile>
    <ClCompile Include="Helpers\Simulations.cpp">
      <Filter>Source Files</Filter>
    </ClCompile>
    <ClCompile Include="Entities\HoleEntity.cpp">
      <Filter>Source Files</Filter>
    </ClCompile>
  </ItemGroup>
  <ItemGroup>
    <CopyFileToFolders Include="D:\_Projects\SFML-2.5.1\bin\sfml-window-d-2.dll">
      <Filter>Resource Files\dll</Filter>
    </CopyFileToFolders>
    <CopyFileToFolders Include="D:\_Projects\SFML-2.5.1\bin\openal32.dll">
      <Filter>Resource Files\dll</Filter>
    </CopyFileToFolders>
    <CopyFileToFolders Include="D:\_Projects\SFML-2.5.1\bin\sfml-audio-2.dll">
      <Filter>Resource Files\dll</Filter>
    </CopyFileToFolders>
    <CopyFileToFolders Include="D:\_Projects\SFML-2.5.1\bin\sfml-audio-d-2.dll">
      <Filter>Resource Files\dll</Filter>
    </CopyFileToFolders>
    <CopyFileToFolders Include="D:\_Projects\SFML-2.5.1\bin\sfml-graphics-2.dll">
      <Filter>Resource Files\dll</Filter>
    </CopyFileToFolders>
    <CopyFileToFolders Include="D:\_Projects\SFML-2.5.1\bin\sfml-graphics-d-2.dll">
      <Filter>Resource Files\dll</Filter>
    </CopyFileToFolders>
    <CopyFileToFolders Include="D:\_Projects\SFML-2.5.1\bin\sfml-network-2.dll">
      <Filter>Resource Files\dll</Filter>
    </CopyFileToFolders>
    <CopyFileToFolders Include="D:\_Projects\SFML-2.5.1\bin\sfml-network-d-2.dll">
      <Filter>Resource Files\dll</Filter>
    </CopyFileToFolders>
    <CopyFileToFolders Include="D:\_Projects\SFML-2.5.1\bin\sfml-system-2.dll">
      <Filter>Resource Files\dll</Filter>
    </CopyFileToFolders>
    <CopyFileToFolders Include="D:\_Projects\SFML-2.5.1\bin\sfml-system-d-2.dll">
      <Filter>Resource Files\dll</Filter>
    </CopyFileToFolders>
    <CopyFileToFolders Include="D:\_Projects\SFML-2.5.1\bin\sfml-window-2.dll">
      <Filter>Resource Files\dll</Filter>
    </CopyFileToFolders>
    <CopyFileToFolders Include="Textures\Pool_Chalk.png">
      <Filter>Resource Files</Filter>
    </CopyFileToFolders>
    <CopyFileToFolders Include="Textures\Pool_Chalk_Arrow_head.png">
      <Filter>Resource Files</Filter>
    </CopyFileToFolders>
    <CopyFileToFolders Include="Textures\Pool_Power_Bar.png">
      <Filter>Resource Files</Filter>
    </CopyFileToFolders>
    <CopyFileToFolders Include="Textures\Floor.png">
      <Filter>Resource Files</Filter>
    </CopyFileToFolders>
  </ItemGroup>
  <ItemGroup>
    <ClInclude Include="Entities\EntityNode.h">
      <Filter>Header Files</Filter>
    </ClInclude>
    <ClInclude Include="Entities\BallEntity.h">
      <Filter>Header Files</Filter>
    </ClInclude>
    <ClInclude Include="Entities\ContainerEntity.h">
      <Filter>Header Files</Filter>
    </ClInclude>
    <ClInclude Include="EventManagers\KeyboardManager.h">
      <Filter>Header Files</Filter>
    </ClInclude>
    <ClInclude Include="EventManagers\BaseManager.h">
      <Filter>Header Files</Filter>
    </ClInclude>
    <ClInclude Include="Helpers\Globals.h">
      <Filter>Header Files</Filter>
    </ClInclude>
    <ClInclude Include="Entities\WallEntity.h">
      <Filter>Header Files</Filter>
    </ClInclude>
    <ClInclude Include="Helpers\Vectors.h">
      <Filter>Header Files</Filter>
    </ClInclude>
    <ClInclude Include="Entities\CueEntity.h">
      <Filter>Header Files</Filter>
    </ClInclude>
    <ClInclude Include="Helpers\Animations.h">
      <Filter>Header Files</Filter>
    </ClInclude>
    <ClInclude Include="UI\UICueForce.h">
      <Filter>Header Files</Filter>
    </ClInclude>
    <ClInclude Include="UI\UIBallTrajectory.h">
      <Filter>Header Files</Filter>
    </ClInclude>
    <ClInclude Include="Helpers\Simulations.h">
      <Filter>Header Files</Filter>
    </ClInclude>
    <ClInclude Include="Entities\HoleEntity.h">
      <Filter>Header Files</Filter>
    </ClInclude>
  </ItemGroup>
</Project>